
Microsoft Visual Studio Solution File, Format Version 12.00
# Visual Studio Version 17
VisualStudioVersion = 17.2.32602.215
MinimumVisualStudioVersion = 10.0.40219.1
Project("{9A19103F-16F7-4668-BE54-9A1E7A4F7556}") = "ClaimMicroservice", "ClaimMicroservice.csproj", "{0299AFA6-6679-4536-862B-AA354AA75F5E}"
EndProject
Global
	GlobalSection(SolutionConfigurationPlatforms) = preSolution
		Debug|Any CPU = Debug|Any CPU
		Release|Any CPU = Release|Any CPU
	EndGlobalSection
	GlobalSection(ProjectConfigurationPlatforms) = postSolution
		{0299AFA6-6679-4536-862B-AA354AA75F5E}.Debug|Any CPU.ActiveCfg = Debug|Any CPU
		{0299AFA6-6679-4536-862B-AA354AA75F5E}.Debug|Any CPU.Build.0 = Debug|Any CPU
		{0299AFA6-6679-4536-862B-AA354AA75F5E}.Release|Any CPU.ActiveCfg = Release|Any CPU
		{0299AFA6-6679-4536-862B-AA354AA75F5E}.Release|Any CPU.Build.0 = Release|Any CPU
	EndGlobalSection
	GlobalSection(SolutionProperties) = preSolution
		HideSolutionNode = FALSE
	EndGlobalSection
	GlobalSection(ExtensibilityGlobals) = postSolution
		SolutionGuid = {27452253-D4F3-4578-92EB-17BE30383A43}
	EndGlobalSection
EndGlobal
