
Microsoft Visual Studio Solution File, Format Version 12.00
# Visual Studio Version 17
VisualStudioVersion = 17.2.32602.215
MinimumVisualStudioVersion = 10.0.40219.1
Project("{9A19103F-16F7-4668-BE54-9A1E7A4F7556}") = "EventBus.Messages", "EventBus.Messages.csproj", "{12C94BBC-53B4-43B0-8642-B443DE3FC299}"
EndProject
Global
	GlobalSection(SolutionConfigurationPlatforms) = preSolution
		Debug|Any CPU = Debug|Any CPU
		Release|Any CPU = Release|Any CPU
	EndGlobalSection
	GlobalSection(ProjectConfigurationPlatforms) = postSolution
		{12C94BBC-53B4-43B0-8642-B443DE3FC299}.Debug|Any CPU.ActiveCfg = Debug|Any CPU
		{12C94BBC-53B4-43B0-8642-B443DE3FC299}.Debug|Any CPU.Build.0 = Debug|Any CPU
		{12C94BBC-53B4-43B0-8642-B443DE3FC299}.Release|Any CPU.ActiveCfg = Release|Any CPU
		{12C94BBC-53B4-43B0-8642-B443DE3FC299}.Release|Any CPU.Build.0 = Release|Any CPU
	EndGlobalSection
	GlobalSection(SolutionProperties) = preSolution
		HideSolutionNode = FALSE
	EndGlobalSection
	GlobalSection(ExtensibilityGlobals) = postSolution
		SolutionGuid = {DE943610-5F33-41E1-B0B2-5FA5665946E2}
	EndGlobalSection
EndGlobal
